// !$*UTF8*$!
{
	archiveVersion = 1;
	classes = {
	};
	objectVersion = 50;
	objects = {

/* Begin PBXBuildFile section */
		66A1D98725079FAF0064AF97 /* AppDelegate.swift in Sources */ = {isa = PBXBuildFile; fileRef = 66A1D98625079FAF0064AF97 /* AppDelegate.swift */; };
		66A1D98925079FAF0064AF97 /* SceneDelegate.swift in Sources */ = {isa = PBXBuildFile; fileRef = 66A1D98825079FAF0064AF97 /* SceneDelegate.swift */; };
		66A1D98B25079FAF0064AF97 /* ViewController.swift in Sources */ = {isa = PBXBuildFile; fileRef = 66A1D98A25079FAF0064AF97 /* ViewController.swift */; };
		66A1D98E25079FAF0064AF97 /* Main.storyboard in Resources */ = {isa = PBXBuildFile; fileRef = 66A1D98C25079FAF0064AF97 /* Main.storyboard */; };
		66A1D99125079FAF0064AF97 /* CameraTest.xcdatamodeld in Sources */ = {isa = PBXBuildFile; fileRef = 66A1D98F25079FAF0064AF97 /* CameraTest.xcdatamodeld */; };
		66A1D99325079FB20064AF97 /* Assets.xcassets in Resources */ = {isa = PBXBuildFile; fileRef = 66A1D99225079FB20064AF97 /* Assets.xcassets */; };
		66A1D99625079FB20064AF97 /* LaunchScreen.storyboard in Resources */ = {isa = PBXBuildFile; fileRef = 66A1D99425079FB20064AF97 /* LaunchScreen.storyboard */; };
		66A1D99E2507C6800064AF97 /* Common_image.swift in Sources */ = {isa = PBXBuildFile; fileRef = 66A1D99D2507C6800064AF97 /* Common_image.swift */; };
/* End PBXBuildFile section */

/* Begin PBXFileReference section */
		66A1D98325079FAF0064AF97 /* CameraTest.app */ = {isa = PBXFileReference; explicitFileType = wrapper.application; includeInIndex = 0; path = CameraTest.app; sourceTree = BUILT_PRODUCTS_DIR; };
		66A1D98625079FAF0064AF97 /* AppDelegate.swift */ = {isa = PBXFileReference; lastKnownFileType = sourcecode.swift; path = AppDelegate.swift; sourceTree = "<group>"; };
		66A1D98825079FAF0064AF97 /* SceneDelegate.swift */ = {isa = PBXFileReference; lastKnownFileType = sourcecode.swift; path = SceneDelegate.swift; sourceTree = "<group>"; };
		66A1D98A25079FAF0064AF97 /* ViewController.swift */ = {isa = PBXFileReference; lastKnownFileType = sourcecode.swift; path = ViewController.swift; sourceTree = "<group>"; };
		66A1D98D25079FAF0064AF97 /* Base */ = {isa = PBXFileReference; lastKnownFileType = file.storyboard; name = Base; path = Base.lproj/Main.storyboard; sourceTree = "<group>"; };
		66A1D99025079FAF0064AF97 /* CameraTest.xcdatamodel */ = {isa = PBXFileReference; lastKnownFileType = wrapper.xcdatamodel; path = CameraTest.xcdatamodel; sourceTree = "<group>"; };
		66A1D99225079FB20064AF97 /* Assets.xcassets */ = {isa = PBXFileReference; lastKnownFileType = folder.assetcatalog; path = Assets.xcassets; sourceTree = "<group>"; };
		66A1D99525079FB20064AF97 /* Base */ = {isa = PBXFileReference; lastKnownFileType = file.storyboard; name = Base; path = Base.lproj/LaunchScreen.storyboard; sourceTree = "<group>"; };
		66A1D99725079FB20064AF97 /* Info.plist */ = {isa = PBXFileReference; lastKnownFileType = text.plist.xml; path = Info.plist; sourceTree = "<group>"; };
		66A1D99D2507C6800064AF97 /* Common_image.swift */ = {isa = PBXFileReference; lastKnownFileType = sourcecode.swift; path = Common_image.swift; sourceTree = "<group>"; };
/* End PBXFileReference section */

/* Begin PBXFrameworksBuildPhase section */
		66A1D98025079FAF0064AF97 /* Frameworks */ = {
			isa = PBXFrameworksBuildPhase;
			buildActionMask = 2147483647;
			files = (
			);
			runOnlyForDeploymentPostprocessing = 0;
		};
/* End PBXFrameworksBuildPhase section */

/* Begin PBXGroup section */
		66A1D97A25079FAF0064AF97 = {
			isa = PBXGroup;
			children = (
				66A1D98525079FAF0064AF97 /* CameraTest */,
				66A1D98425079FAF0064AF97 /* Products */,
			);
			sourceTree = "<group>";
		};
		66A1D98425079FAF0064AF97 /* Products */ = {
			isa = PBXGroup;
			children = (
				66A1D98325079FAF0064AF97 /* CameraTest.app */,
			);
			name = Products;
			sourceTree = "<group>";
		};
		66A1D98525079FAF0064AF97 /* CameraTest */ = {
			isa = PBXGroup;
			children = (
				66A1D98625079FAF0064AF97 /* AppDelegate.swift */,
				66A1D98825079FAF0064AF97 /* SceneDelegate.swift */,
				66A1D98A25079FAF0064AF97 /* ViewController.swift */,
				66A1D98C25079FAF0064AF97 /* Main.storyboard */,
				66A1D99225079FB20064AF97 /* Assets.xcassets */,
				66A1D99425079FB20064AF97 /* LaunchScreen.storyboard */,
				66A1D99725079FB20064AF97 /* Info.plist */,
				66A1D98F25079FAF0064AF97 /* CameraTest.xcdatamodeld */,
				66A1D99D2507C6800064AF97 /* Common_image.swift */,
			);
			path = CameraTest;
			sourceTree = "<group>";
		};
/* End PBXGroup section */

/* Begin PBXNativeTarget section */
		66A1D98225079FAF0064AF97 /* CameraTest */ = {
			isa = PBXNativeTarget;
			buildConfigurationList = 66A1D99A25079FB20064AF97 /* Build configuration list for PBXNativeTarget "CameraTest" */;
			buildPhases = (
				66A1D97F25079FAF0064AF97 /* Sources */,
				66A1D98025079FAF0064AF97 /* Frameworks */,
				66A1D98125079FAF0064AF97 /* Resources */,
			);
			buildRules = (
			);
			dependencies = (
			);
			name = CameraTest;
			productName = CameraTest;
			productReference = 66A1D98325079FAF0064AF97 /* CameraTest.app */;
			productType = "com.apple.product-type.application";
		};
/* End PBXNativeTarget section */

/* Begin PBXProject section */
		66A1D97B25079FAF0064AF97 /* Project object */ = {
			isa = PBXProject;
			attributes = {
				LastSwiftUpdateCheck = 1130;
				LastUpgradeCheck = 1130;
				ORGANIZATIONNAME = Draw_corp;
				TargetAttributes = {
					66A1D98225079FAF0064AF97 = {
						CreatedOnToolsVersion = 11.3;
					};
				};
			};
			buildConfigurationList = 66A1D97E25079FAF0064AF97 /* Build configuration list for PBXProject "CameraTest" */;
			compatibilityVersion = "Xcode 9.3";
			developmentRegion = en;
			hasScannedForEncodings = 0;
			knownRegions = (
				en,
				Base,
			);
			mainGroup = 66A1D97A25079FAF0064AF97;
			productRefGroup = 66A1D98425079FAF0064AF97 /* Products */;
			projectDirPath = "";
			projectRoot = "";
			targets = (
				66A1D98225079FAF0064AF97 /* CameraTest */,
			);
		};
/* End PBXProject section */

/* Begin PBXResourcesBuildPhase section */
		66A1D98125079FAF0064AF97 /* Resources */ = {
			isa = PBXResourcesBuildPhase;
			buildActionMask = 2147483647;
			files = (
				66A1D99625079FB20064AF97 /* LaunchScreen.storyboard in Resources */,
				66A1D99325079FB20064AF97 /* Assets.xcassets in Resources */,
				66A1D98E25079FAF0064AF97 /* Main.storyboard in Resources */,
			);
			runOnlyForDeploymentPostprocessing = 0;
		};
/* End PBXResourcesBuildPhase section */

/* Begin PBXSourcesBuildPhase section */
		66A1D97F25079FAF0064AF97 /* Sources */ = {
			isa = PBXSourcesBuildPhase;
			buildActionMask = 2147483647;
			files = (
				66A1D99125079FAF0064AF97 /* CameraTest.xcdatamodeld in Sources */,
				66A1D98B25079FAF0064AF97 /* ViewController.swift in Sources */,
				66A1D99E2507C6800064AF97 /* Common_image.swift in Sources */,
				66A1D98725079FAF0064AF97 /* AppDelegate.swift in Sources */,
				66A1D98925079FAF0064AF97 /* SceneDelegate.swift in Sources */,
			);
			runOnlyForDeploymentPostprocessing = 0;
		};
/* End PBXSourcesBuildPhase section */

/* Begin PBXVariantGroup section */
		66A1D98C25079FAF0064AF97 /* Main.storyboard */ = {
			isa = PBXVariantGroup;
			children = (
				66A1D98D25079FAF0064AF97 /* Base */,
			);
			name = Main.storyboard;
			sourceTree = "<group>";
		};
		66A1D99425079FB20064AF97 /* LaunchScreen.storyboard */ = {
			isa = PBXVariantGroup;
			children = (
				66A1D99525079FB20064AF97 /* Base */,
			);
			name = LaunchScreen.storyboard;
			sourceTree = "<group>";
		};
/* End PBXVariantGroup section */

/* Begin XCBuildConfiguration section */
		66A1D99825079FB20064AF97 /* Debug */ = {
			isa = XCBuildConfiguration;
			buildSettings = {
				ALWAYS_SEARCH_USER_PATHS = NO;
				CLANG_ANALYZER_NONNULL = YES;
				CLANG_ANALYZER_NUMBER_OBJECT_CONVERSION = YES_AGGRESSIVE;
				CLANG_CXX_LANGUAGE_STANDARD = "gnu++14";
				CLANG_CXX_LIBRARY = "libc++";
				CLANG_ENABLE_MODULES = YES;
				CLANG_ENABLE_OBJC_ARC = YES;
				CLANG_ENABLE_OBJC_WEAK = YES;
				CLANG_WARN_BLOCK_CAPTURE_AUTORELEASING = YES;
				CLANG_WARN_BOOL_CONVERSION = YES;
				CLANG_WARN_COMMA = YES;
				CLANG_WARN_CONSTANT_CONVERSION = YES;
				CLANG_WARN_DEPRECATED_OBJC_IMPLEMENTATIONS = YES;
				CLANG_WARN_DIRECT_OBJC_ISA_USAGE = YES_ERROR;
				CLANG_WARN_DOCUMENTATION_COMMENTS = YES;
				CLANG_WARN_EMPTY_BODY = YES;
				CLANG_WARN_ENUM_CONVERSION = YES;
				CLANG_WARN_INFINITE_RECURSION = YES;
				CLANG_WARN_INT_CONVERSION = YES;
				CLANG_WARN_NON_LITERAL_NULL_CONVERSION = YES;
				CLANG_WARN_OBJC_IMPLICIT_RETAIN_SELF = YES;
				CLANG_WARN_OBJC_LITERAL_CONVERSION = YES;
				CLANG_WARN_OBJC_ROOT_CLASS = YES_ERROR;
				CLANG_WARN_RANGE_LOOP_ANALYSIS = YES;
				CLANG_WARN_STRICT_PROTOTYPES = YES;
				CLANG_WARN_SUSPICIOUS_MOVE = YES;
				CLANG_WARN_UNGUARDED_AVAILABILITY = YES_AGGRESSIVE;
				CLANG_WARN_UNREACHABLE_CODE = YES;
				CLANG_WARN__DUPLICATE_METHOD_MATCH = YES;
				COPY_PHASE_STRIP = NO;
				DEBUG_INFORMATION_FORMAT = dwarf;
				ENABLE_STRICT_OBJC_MSGSEND = YES;
				ENABLE_TESTABILITY = YES;
				GCC_C_LANGUAGE_STANDARD = gnu11;
				GCC_DYNAMIC_NO_PIC = NO;
				GCC_NO_COMMON_BLOCKS = YES;
				GCC_OPTIMIZATION_LEVEL = 0;
				GCC_PREPROCESSOR_DEFINITIONS = (
					"DEBUG=1",
					"$(inherited)",
				);
				GCC_WARN_64_TO_32_BIT_CONVERSION = YES;
				GCC_WARN_ABOUT_RETURN_TYPE = YES_ERROR;
				GCC_WARN_UNDECLARED_SELECTOR = YES;
				GCC_WARN_UNINITIALIZED_AUTOS = YES_AGGRESSIVE;
				GCC_WARN_UNUSED_FUNCTION = YES;
				GCC_WARN_UNUSED_VARIABLE = YES;
				IPHONEOS_DEPLOYMENT_TARGET = 13.2;
				MTL_ENABLE_DEBUG_INFO = INCLUDE_SOURCE;
				MTL_FAST_MATH = YES;
				ONLY_ACTIVE_ARCH = YES;
				SDKROOT = iphoneos;
				SWIFT_ACTIVE_COMPILATION_CONDITIONS = DEBUG;
				SWIFT_OPTIMIZATION_LEVEL = "-Onone";
			};
			name = Debug;
		};
		66A1D99925079FB20064AF97 /* Release */ = {
			isa = XCBuildConfiguration;
			buildSettings = {
				ALWAYS_SEARCH_USER_PATHS = NO;
				CLANG_ANALYZER_NONNULL = YES;
				CLANG_ANALYZER_NUMBER_OBJECT_CONVERSION = YES_AGGRESSIVE;
				CLANG_CXX_LANGUAGE_STANDARD = "gnu++14";
				CLANG_CXX_LIBRARY = "libc++";
				CLANG_ENABLE_MODULES = YES;
				CLANG_ENABLE_OBJC_ARC = YES;
				CLANG_ENABLE_OBJC_WEAK = YES;
				CLANG_WARN_BLOCK_CAPTURE_AUTORELEASING = YES;
				CLANG_WARN_BOOL_CONVERSION = YES;
				CLANG_WARN_COMMA = YES;
				CLANG_WARN_CONSTANT_CONVERSION = YES;
				CLANG_WARN_DEPRECATED_OBJC_IMPLEMENTATIONS = YES;
				CLANG_WARN_DIRECT_OBJC_ISA_USAGE = YES_ERROR;
				CLANG_WARN_DOCUMENTATION_COMMENTS = YES;
				CLANG_WARN_EMPTY_BODY = YES;
				CLANG_WARN_ENUM_CONVERSION = YES;
				CLANG_WARN_INFINITE_RECURSION = YES;
				CLANG_WARN_INT_CONVERSION = YES;
				CLANG_WARN_NON_LITERAL_NULL_CONVERSION = YES;
				CLANG_WARN_OBJC_IMPLICIT_RETAIN_SELF = YES;
				CLANG_WARN_OBJC_LITERAL_CONVERSION = YES;
				CLANG_WARN_OBJC_ROOT_CLASS = YES_ERROR;
				CLANG_WARN_RANGE_LOOP_ANALYSIS = YES;
				CLANG_WARN_STRICT_PROTOTYPES = YES;
				CLANG_WARN_SUSPICIOUS_MOVE = YES;
				CLANG_WARN_UNGUARDED_AVAILABILITY = YES_AGGRESSIVE;
				CLANG_WARN_UNREACHABLE_CODE = YES;
				CLANG_WARN__DUPLICATE_METHOD_MATCH = YES;
				COPY_PHASE_STRIP = NO;
				DEBUG_INFORMATION_FORMAT = "dwarf-with-dsym";
				ENABLE_NS_ASSERTIONS = NO;
				ENABLE_STRICT_OBJC_MSGSEND = YES;
				GCC_C_LANGUAGE_STANDARD = gnu11;
				GCC_NO_COMMON_BLOCKS = YES;
				GCC_WARN_64_TO_32_BIT_CONVERSION = YES;
				GCC_WARN_ABOUT_RETURN_TYPE = YES_ERROR;
				GCC_WARN_UNDECLARED_SELECTOR = YES;
				GCC_WARN_UNINITIALIZED_AUTOS = YES_AGGRESSIVE;
				GCC_WARN_UNUSED_FUNCTION = YES;
				GCC_WARN_UNUSED_VARIABLE = YES;
				IPHONEOS_DEPLOYMENT_TARGET = 13.2;
				MTL_ENABLE_DEBUG_INFO = NO;
				MTL_FAST_MATH = YES;
				SDKROOT = iphoneos;
				SWIFT_COMPILATION_MODE = wholemodule;
				SWIFT_OPTIMIZATION_LEVEL = "-O";
				VALIDATE_PRODUCT = YES;
			};
			name = Release;
		};
		66A1D99B25079FB20064AF97 /* Debug */ = {
			isa = XCBuildConfiguration;
			buildSettings = {
				ASSETCATALOG_COMPILER_APPICON_NAME = AppIcon;
				CODE_SIGN_STYLE = Automatic;
				DEVELOPMENT_TEAM = Y3L3GA8B9B;
				INFOPLIST_FILE = CameraTest/Info.plist;
				LD_RUNPATH_SEARCH_PATHS = (
					"$(inherited)",
					"@executable_path/Frameworks",
				);
				PRODUCT_BUNDLE_IDENTIFIER = com.draw.corp.CameraTest;
				PRODUCT_NAME = "$(TARGET_NAME)";
				SWIFT_VERSION = 5.0;
				TARGETED_DEVICE_FAMILY = "1,2";
			};
			name = Debug;
		};
		66A1D99C25079FB20064AF97 /* Release */ = {
			isa = XCBuildConfiguration;
			buildSettings = {
				ASSETCATALOG_COMPILER_APPICON_NAME = AppIcon;
				CODE_SIGN_STYLE = Automatic;
				DEVELOPMENT_TEAM = Y3L3GA8B9B;
				INFOPLIST_FILE = CameraTest/Info.plist;
				LD_RUNPATH_SEARCH_PATHS = (
					"$(inherited)",
					"@executable_path/Frameworks",
				);
				PRODUCT_BUNDLE_IDENTIFIER = com.draw.corp.CameraTest;
				PRODUCT_NAME = "$(TARGET_NAME)";
				SWIFT_VERSION = 5.0;
				TARGETED_DEVICE_FAMILY = "1,2";
			};
			name = Release;
		};
/* End XCBuildConfiguration section */

/* Begin XCConfigurationList section */
		66A1D97E25079FAF0064AF97 /* Build configuration list for PBXProject "CameraTest" */ = {
			isa = XCConfigurationList;
			buildConfigurations = (
				66A1D99825079FB20064AF97 /* Debug */,
				66A1D99925079FB20064AF97 /* Release */,
			);
			defaultConfigurationIsVisible = 0;
			defaultConfigurationName = Release;
		};
		66A1D99A25079FB20064AF97 /* Build configuration list for PBXNativeTarget "CameraTest" */ = {
			isa = XCConfigurationList;
			buildConfigurations = (
				66A1D99B25079FB20064AF97 /* Debug */,
				66A1D99C25079FB20064AF97 /* Release */,
			);
			defaultConfigurationIsVisible = 0;
			defaultConfigurationName = Release;
		};
/* End XCConfigurationList section */

/* Begin XCVersionGroup section */
		66A1D98F25079FAF0064AF97 /* CameraTest.xcdatamodeld */ = {
			isa = XCVersionGroup;
			children = (
				66A1D99025079FAF0064AF97 /* CameraTest.xcdatamodel */,
			);
			currentVersion = 66A1D99025079FAF0064AF97 /* CameraTest.xcdatamodel */;
			path = CameraTest.xcdatamodeld;
			sourceTree = "<group>";
			versionGroupType = wrapper.xcdatamodel;
		};
/* End XCVersionGroup section */
	};
	rootObject = 66A1D97B25079FAF0064AF97 /* Project object */;
}
